
Microsoft Visual Studio Solution File, Format Version 12.00
# Visual Studio 14
VisualStudioVersion = 14.0.25123.0
MinimumVisualStudioVersion = 10.0.40219.1
Project("{FAE04EC0-301F-11D3-BF4B-00C04F79EFBC}") = "MyBlog", "MyBlog\MyBlog.csproj", "{95D6A23B-9137-4236-ABA1-EABD1387ECE4}"
EndProject
Project("{FAE04EC0-301F-11D3-BF4B-00C04F79EFBC}") = "MyBlog.Core", "..\MyBlog.Core\MyBlog.Core.csproj", "{AA242047-B992-4D21-8363-8D1D05542940}"
EndProject
Global
	GlobalSection(SolutionConfigurationPlatforms) = preSolution
		Debug|Any CPU = Debug|Any CPU
		Release|Any CPU = Release|Any CPU
	EndGlobalSection
	GlobalSection(ProjectConfigurationPlatforms) = postSolution
		{95D6A23B-9137-4236-ABA1-EABD1387ECE4}.Debug|Any CPU.ActiveCfg = Debug|Any CPU
		{95D6A23B-9137-4236-ABA1-EABD1387ECE4}.Debug|Any CPU.Build.0 = Debug|Any CPU
		{95D6A23B-9137-4236-ABA1-EABD1387ECE4}.Release|Any CPU.ActiveCfg = Release|Any CPU
		{95D6A23B-9137-4236-ABA1-EABD1387ECE4}.Release|Any CPU.Build.0 = Release|Any CPU
		{AA242047-B992-4D21-8363-8D1D05542940}.Debug|Any CPU.ActiveCfg = Debug|Any CPU
		{AA242047-B992-4D21-8363-8D1D05542940}.Debug|Any CPU.Build.0 = Debug|Any CPU
		{AA242047-B992-4D21-8363-8D1D05542940}.Release|Any CPU.ActiveCfg = Release|Any CPU
		{AA242047-B992-4D21-8363-8D1D05542940}.Release|Any CPU.Build.0 = Release|Any CPU
	EndGlobalSection
	GlobalSection(SolutionProperties) = preSolution
		HideSolutionNode = FALSE
	EndGlobalSection
EndGlobal
